
Microsoft Visual Studio Solution File, Format Version 11.00
# Visual Studio 2010
Project("{FAE04EC0-301F-11D3-BF4B-00C04F79EFBC}") = "EntryPoint", "EntryPoint\EntryPoint.csproj", "{C81F7415-9AF9-4FB8-84AE-DD0A382D5CAD}"
EndProject
Project("{FAE04EC0-301F-11D3-BF4B-00C04F79EFBC}") = "EntryControl.Classes", "..\EntryControl\EntryControl.Classes\EntryControl.Classes.csproj", "{71B988EA-2F48-465D-83F0-008105CBA164}"
EndProject
Project("{FAE04EC0-301F-11D3-BF4B-00C04F79EFBC}") = "EntryControl.Resources", "..\EntryControl\EntryControl.Resources\EntryControl.Resources.csproj", "{65954688-83AC-468B-A980-8AD4EAF703E6}"
EndProject
Project("{FAE04EC0-301F-11D3-BF4B-00C04F79EFBC}") = "EPV.Database", "..\EPV.Framework\EPV.Database\EPV.Database.csproj", "{21701B0B-284E-4721-B559-1E76ED8DCEDA}"
EndProject
Project("{FAE04EC0-301F-11D3-BF4B-00C04F79EFBC}") = "EPV.DataItem", "..\EPV.Framework\EPV.Database\EPV.DataItem\EPV.DataItem.csproj", "{3F3C4D8B-E7F3-4BDA-9882-FD2C439AFF5D}"
EndProject
Global
	GlobalSection(SolutionConfigurationPlatforms) = preSolution
		Debug|Any CPU = Debug|Any CPU
		Debug|Mixed Platforms = Debug|Mixed Platforms
		Debug|x86 = Debug|x86
		Release|Any CPU = Release|Any CPU
		Release|Mixed Platforms = Release|Mixed Platforms
		Release|x86 = Release|x86
	EndGlobalSection
	GlobalSection(ProjectConfigurationPlatforms) = postSolution
		{C81F7415-9AF9-4FB8-84AE-DD0A382D5CAD}.Debug|Any CPU.ActiveCfg = Debug|Any CPU
		{C81F7415-9AF9-4FB8-84AE-DD0A382D5CAD}.Debug|Any CPU.Build.0 = Debug|Any CPU
		{C81F7415-9AF9-4FB8-84AE-DD0A382D5CAD}.Debug|Mixed Platforms.ActiveCfg = Debug|Any CPU
		{C81F7415-9AF9-4FB8-84AE-DD0A382D5CAD}.Debug|Mixed Platforms.Build.0 = Debug|Any CPU
		{C81F7415-9AF9-4FB8-84AE-DD0A382D5CAD}.Debug|x86.ActiveCfg = Debug|x86
		{C81F7415-9AF9-4FB8-84AE-DD0A382D5CAD}.Debug|x86.Build.0 = Debug|x86
		{C81F7415-9AF9-4FB8-84AE-DD0A382D5CAD}.Release|Any CPU.ActiveCfg = Release|Any CPU
		{C81F7415-9AF9-4FB8-84AE-DD0A382D5CAD}.Release|Any CPU.Build.0 = Release|Any CPU
		{C81F7415-9AF9-4FB8-84AE-DD0A382D5CAD}.Release|Mixed Platforms.ActiveCfg = Release|Any CPU
		{C81F7415-9AF9-4FB8-84AE-DD0A382D5CAD}.Release|Mixed Platforms.Build.0 = Release|Any CPU
		{C81F7415-9AF9-4FB8-84AE-DD0A382D5CAD}.Release|x86.ActiveCfg = Release|x86
		{C81F7415-9AF9-4FB8-84AE-DD0A382D5CAD}.Release|x86.Build.0 = Release|x86
		{71B988EA-2F48-465D-83F0-008105CBA164}.Debug|Any CPU.ActiveCfg = Debug|Any CPU
		{71B988EA-2F48-465D-83F0-008105CBA164}.Debug|Any CPU.Build.0 = Debug|Any CPU
		{71B988EA-2F48-465D-83F0-008105CBA164}.Debug|Mixed Platforms.ActiveCfg = Debug|Any CPU
		{71B988EA-2F48-465D-83F0-008105CBA164}.Debug|Mixed Platforms.Build.0 = Debug|Any CPU
		{71B988EA-2F48-465D-83F0-008105CBA164}.Debug|x86.ActiveCfg = Debug|Any CPU
		{71B988EA-2F48-465D-83F0-008105CBA164}.Release|Any CPU.ActiveCfg = Release|Any CPU
		{71B988EA-2F48-465D-83F0-008105CBA164}.Release|Any CPU.Build.0 = Release|Any CPU
		{71B988EA-2F48-465D-83F0-008105CBA164}.Release|Mixed Platforms.ActiveCfg = Release|Any CPU
		{71B988EA-2F48-465D-83F0-008105CBA164}.Release|Mixed Platforms.Build.0 = Release|Any CPU
		{71B988EA-2F48-465D-83F0-008105CBA164}.Release|x86.ActiveCfg = Release|Any CPU
		{65954688-83AC-468B-A980-8AD4EAF703E6}.Debug|Any CPU.ActiveCfg = Debug|Any CPU
		{65954688-83AC-468B-A980-8AD4EAF703E6}.Debug|Any CPU.Build.0 = Debug|Any CPU
		{65954688-83AC-468B-A980-8AD4EAF703E6}.Debug|Mixed Platforms.ActiveCfg = Debug|Any CPU
		{65954688-83AC-468B-A980-8AD4EAF703E6}.Debug|Mixed Platforms.Build.0 = Debug|Any CPU
		{65954688-83AC-468B-A980-8AD4EAF703E6}.Debug|x86.ActiveCfg = Debug|Any CPU
		{65954688-83AC-468B-A980-8AD4EAF703E6}.Release|Any CPU.ActiveCfg = Release|Any CPU
		{65954688-83AC-468B-A980-8AD4EAF703E6}.Release|Any CPU.Build.0 = Release|Any CPU
		{65954688-83AC-468B-A980-8AD4EAF703E6}.Release|Mixed Platforms.ActiveCfg = Release|Any CPU
		{65954688-83AC-468B-A980-8AD4EAF703E6}.Release|Mixed Platforms.Build.0 = Release|Any CPU
		{65954688-83AC-468B-A980-8AD4EAF703E6}.Release|x86.ActiveCfg = Release|Any CPU
		{21701B0B-284E-4721-B559-1E76ED8DCEDA}.Debug|Any CPU.ActiveCfg = Debug|Any CPU
		{21701B0B-284E-4721-B559-1E76ED8DCEDA}.Debug|Any CPU.Build.0 = Debug|Any CPU
		{21701B0B-284E-4721-B559-1E76ED8DCEDA}.Debug|Mixed Platforms.ActiveCfg = Debug|Any CPU
		{21701B0B-284E-4721-B559-1E76ED8DCEDA}.Debug|Mixed Platforms.Build.0 = Debug|Any CPU
		{21701B0B-284E-4721-B559-1E76ED8DCEDA}.Debug|x86.ActiveCfg = Debug|Any CPU
		{21701B0B-284E-4721-B559-1E76ED8DCEDA}.Release|Any CPU.ActiveCfg = Release|Any CPU
		{21701B0B-284E-4721-B559-1E76ED8DCEDA}.Release|Any CPU.Build.0 = Release|Any CPU
		{21701B0B-284E-4721-B559-1E76ED8DCEDA}.Release|Mixed Platforms.ActiveCfg = Release|Any CPU
		{21701B0B-284E-4721-B559-1E76ED8DCEDA}.Release|Mixed Platforms.Build.0 = Release|Any CPU
		{21701B0B-284E-4721-B559-1E76ED8DCEDA}.Release|x86.ActiveCfg = Release|Any CPU
		{3F3C4D8B-E7F3-4BDA-9882-FD2C439AFF5D}.Debug|Any CPU.ActiveCfg = Debug|Any CPU
		{3F3C4D8B-E7F3-4BDA-9882-FD2C439AFF5D}.Debug|Any CPU.Build.0 = Debug|Any CPU
		{3F3C4D8B-E7F3-4BDA-9882-FD2C439AFF5D}.Debug|Mixed Platforms.ActiveCfg = Debug|Any CPU
		{3F3C4D8B-E7F3-4BDA-9882-FD2C439AFF5D}.Debug|Mixed Platforms.Build.0 = Debug|Any CPU
		{3F3C4D8B-E7F3-4BDA-9882-FD2C439AFF5D}.Debug|x86.ActiveCfg = Debug|Any CPU
		{3F3C4D8B-E7F3-4BDA-9882-FD2C439AFF5D}.Release|Any CPU.ActiveCfg = Release|Any CPU
		{3F3C4D8B-E7F3-4BDA-9882-FD2C439AFF5D}.Release|Any CPU.Build.0 = Release|Any CPU
		{3F3C4D8B-E7F3-4BDA-9882-FD2C439AFF5D}.Release|Mixed Platforms.ActiveCfg = Release|Any CPU
		{3F3C4D8B-E7F3-4BDA-9882-FD2C439AFF5D}.Release|Mixed Platforms.Build.0 = Release|Any CPU
		{3F3C4D8B-E7F3-4BDA-9882-FD2C439AFF5D}.Release|x86.ActiveCfg = Release|Any CPU
	EndGlobalSection
	GlobalSection(SolutionProperties) = preSolution
		HideSolutionNode = FALSE
	EndGlobalSection
EndGlobal
